
Microsoft Visual Studio Solution File, Format Version 12.00
# Visual Studio 15
VisualStudioVersion = 15.0.28307.106
MinimumVisualStudioVersion = 10.0.40219.1
Project("{8BC9CEB8-8B4A-11D0-8D11-00A0C91BC942}") = "example4_01", "example4_01\example4_01.vcxproj", "{B04AF603-5C69-4F8E-8A7A-D817916C89C3}"
EndProject
Global
	GlobalSection(SolutionConfigurationPlatforms) = preSolution
		Debug|x64 = Debug|x64
		Debug|x86 = Debug|x86
		Release|x64 = Release|x64
		Release|x86 = Release|x86
	EndGlobalSection
	GlobalSection(ProjectConfigurationPlatforms) = postSolution
		{B04AF603-5C69-4F8E-8A7A-D817916C89C3}.Debug|x64.ActiveCfg = Debug|x64
		{B04AF603-5C69-4F8E-8A7A-D817916C89C3}.Debug|x64.Build.0 = Debug|x64
		{B04AF603-5C69-4F8E-8A7A-D817916C89C3}.Debug|x86.ActiveCfg = Debug|Win32
		{B04AF603-5C69-4F8E-8A7A-D817916C89C3}.Debug|x86.Build.0 = Debug|Win32
		{B04AF603-5C69-4F8E-8A7A-D817916C89C3}.Release|x64.ActiveCfg = Release|x64
		{B04AF603-5C69-4F8E-8A7A-D817916C89C3}.Release|x64.Build.0 = Release|x64
		{B04AF603-5C69-4F8E-8A7A-D817916C89C3}.Release|x86.ActiveCfg = Release|Win32
		{B04AF603-5C69-4F8E-8A7A-D817916C89C3}.Release|x86.Build.0 = Release|Win32
	EndGlobalSection
	GlobalSection(SolutionProperties) = preSolution
		HideSolutionNode = FALSE
	EndGlobalSection
	GlobalSection(ExtensibilityGlobals) = postSolution
		SolutionGuid = {65675F7E-7F24-4856-A507-A25D237E01CB}
	EndGlobalSection
EndGlobal
